
Microsoft Visual Studio Solution File, Format Version 12.00
# Visual Studio Version 17
VisualStudioVersion = 17.8.34511.84
MinimumVisualStudioVersion = 10.0.40219.1
Project("{FAE04EC0-301F-11D3-BF4B-00C04F79EFBC}") = "Task 2", "Task 2\Task 2.csproj", "{DE46179F-0DCC-4071-B1AE-1812ED37FEEA}"
EndProject
Global
	GlobalSection(SolutionConfigurationPlatforms) = preSolution
		Debug|Any CPU = Debug|Any CPU
		Release|Any CPU = Release|Any CPU
	EndGlobalSection
	GlobalSection(ProjectConfigurationPlatforms) = postSolution
		{DE46179F-0DCC-4071-B1AE-1812ED37FEEA}.Debug|Any CPU.ActiveCfg = Debug|Any CPU
		{DE46179F-0DCC-4071-B1AE-1812ED37FEEA}.Debug|Any CPU.Build.0 = Debug|Any CPU
		{DE46179F-0DCC-4071-B1AE-1812ED37FEEA}.Release|Any CPU.ActiveCfg = Release|Any CPU
		{DE46179F-0DCC-4071-B1AE-1812ED37FEEA}.Release|Any CPU.Build.0 = Release|Any CPU
	EndGlobalSection
	GlobalSection(SolutionProperties) = preSolution
		HideSolutionNode = FALSE
	EndGlobalSection
	GlobalSection(ExtensibilityGlobals) = postSolution
		SolutionGuid = {72C5C685-F51C-4C49-831C-7D47A632D651}
	EndGlobalSection
EndGlobal
