
Microsoft Visual Studio Solution File, Format Version 12.00
# Visual Studio Version 17
VisualStudioVersion = 17.8.34511.84
MinimumVisualStudioVersion = 10.0.40219.1
Project("{FAE04EC0-301F-11D3-BF4B-00C04F79EFBC}") = "DB_Lab10_tsk", "DB_Lab10_tsk\DB_Lab10_tsk.csproj", "{8FEBE09B-59FD-4BB0-8F08-AC32A1314098}"
EndProject
Global
	GlobalSection(SolutionConfigurationPlatforms) = preSolution
		Debug|Any CPU = Debug|Any CPU
		Release|Any CPU = Release|Any CPU
	EndGlobalSection
	GlobalSection(ProjectConfigurationPlatforms) = postSolution
		{8FEBE09B-59FD-4BB0-8F08-AC32A1314098}.Debug|Any CPU.ActiveCfg = Debug|Any CPU
		{8FEBE09B-59FD-4BB0-8F08-AC32A1314098}.Debug|Any CPU.Build.0 = Debug|Any CPU
		{8FEBE09B-59FD-4BB0-8F08-AC32A1314098}.Release|Any CPU.ActiveCfg = Release|Any CPU
		{8FEBE09B-59FD-4BB0-8F08-AC32A1314098}.Release|Any CPU.Build.0 = Release|Any CPU
	EndGlobalSection
	GlobalSection(SolutionProperties) = preSolution
		HideSolutionNode = FALSE
	EndGlobalSection
	GlobalSection(ExtensibilityGlobals) = postSolution
		SolutionGuid = {735CE504-B718-4F4F-9528-92C0320E26D3}
	EndGlobalSection
EndGlobal
